Microsoft Visual Studio Solution File, Format Version 12.00
# Visual Studio Version 17
VisualStudioVersion = 17.5.2.0
MinimumVisualStudioVersion = 10.0.40219.1
Project("{FAE04EC0-301F-11D3-BF4B-00C04F79EFBC}") = "LazyPeopleAPI", "LazyPeopleAPI.csproj", "{19A015BD-E8F0-833D-FC25-F3C68B1053F1}"
EndProject
Global
	GlobalSection(SolutionConfigurationPlatforms) = preSolution
		Debug|Any CPU = Debug|Any CPU
		Release|Any CPU = Release|Any CPU
	EndGlobalSection
	GlobalSection(ProjectConfigurationPlatforms) = postSolution
		{19A015BD-E8F0-833D-FC25-F3C68B1053F1}.Debug|Any CPU.ActiveCfg = Debug|Any CPU
		{19A015BD-E8F0-833D-FC25-F3C68B1053F1}.Debug|Any CPU.Build.0 = Debug|Any CPU
		{19A015BD-E8F0-833D-FC25-F3C68B1053F1}.Release|Any CPU.ActiveCfg = Release|Any CPU
		{19A015BD-E8F0-833D-FC25-F3C68B1053F1}.Release|Any CPU.Build.0 = Release|Any CPU
	EndGlobalSection
	GlobalSection(SolutionProperties) = preSolution
		HideSolutionNode = FALSE
	EndGlobalSection
	GlobalSection(ExtensibilityGlobals) = postSolution
		SolutionGuid = {E80AEC56-C6DE-4E72-B6ED-136B3D94A4DE}
	EndGlobalSection
EndGlobal
